// !$*UTF8*$!
{
	archiveVersion = 1;
	classes = {
	};
	objectVersion = 46;
	objects = {

/* Begin PBXBuildFile section */
		0131260819FFB0E700E49010 /* Foundation.framework in Frameworks */ = {isa = PBXBuildFile; fileRef = 0131260719FFB0E700E49010 /* Foundation.framework */; };
		0131260A19FFB0E700E49010 /* CoreGraphics.framework in Frameworks */ = {isa = PBXBuildFile; fileRef = 0131260919FFB0E700E49010 /* CoreGraphics.framework */; };
		0131260C19FFB0E700E49010 /* UIKit.framework in Frameworks */ = {isa = PBXBuildFile; fileRef = 0131260B19FFB0E700E49010 /* UIKit.framework */; };
		0131261219FFB0E800E49010 /* InfoPlist.strings in Resources */ = {isa = PBXBuildFile; fileRef = 0131261019FFB0E800E49010 /* InfoPlist.strings */; };
		0131261419FFB0E800E49010 /* main.m in Sources */ = {isa = PBXBuildFile; fileRef = 0131261319FFB0E800E49010 /* main.m */; };
		0131261819FFB0E800E49010 /* AppDelegate.m in Sources */ = {isa = PBXBuildFile; fileRef = 0131261719FFB0E800E49010 /* AppDelegate.m */; };
		0131261B19FFB0E800E49010 /* Main.storyboard in Resources */ = {isa = PBXBuildFile; fileRef = 0131261919FFB0E800E49010 /* Main.storyboard */; };
		0131262019FFB0E800E49010 /* Images.xcassets in Resources */ = {isa = PBXBuildFile; fileRef = 0131261F19FFB0E800E49010 /* Images.xcassets */; };
		0131262719FFB0E800E49010 /* XCTest.framework in Frameworks */ = {isa = PBXBuildFile; fileRef = 0131262619FFB0E800E49010 /* XCTest.framework */; };
		0131262819FFB0E800E49010 /* Foundation.framework in Frameworks */ = {isa = PBXBuildFile; fileRef = 0131260719FFB0E700E49010 /* Foundation.framework */; };
		0131262919FFB0E800E49010 /* UIKit.framework in Frameworks */ = {isa = PBXBuildFile; fileRef = 0131260B19FFB0E700E49010 /* UIKit.framework */; };
		0131263119FFB0E800E49010 /* InfoPlist.strings in Resources */ = {isa = PBXBuildFile; fileRef = 0131262F19FFB0E800E49010 /* InfoPlist.strings */; };
		0131263319FFB0E800E49010 /* ObjectiveCTrainerTests.m in Sources */ = {isa = PBXBuildFile; fileRef = 0131263219FFB0E800E49010 /* ObjectiveCTrainerTests.m */; };
		0131263F19FFB30600E49010 /* SWRevealViewController.m in Sources */ = {isa = PBXBuildFile; fileRef = 0131263E19FFB30600E49010 /* SWRevealViewController.m */; };
		0131264319FFB34000E49010 /* MenuViewController.m in Sources */ = {isa = PBXBuildFile; fileRef = 0131264219FFB34000E49010 /* MenuViewController.m */; };
		0131264719FFB36700E49010 /* QuestionViewController.m in Sources */ = {isa = PBXBuildFile; fileRef = 0131264619FFB36700E49010 /* QuestionViewController.m */; };
		0131264A19FFC0B500E49010 /* MenuItem.m in Sources */ = {isa = PBXBuildFile; fileRef = 0131264919FFC0B500E49010 /* MenuItem.m */; };
		0131264D19FFC0BE00E49010 /* MenuModel.m in Sources */ = {isa = PBXBuildFile; fileRef = 0131264C19FFC0BE00E49010 /* MenuModel.m */; };
		0131265019FFC0CE00E49010 /* QuestionModel.m in Sources */ = {isa = PBXBuildFile; fileRef = 0131264F19FFC0CE00E49010 /* QuestionModel.m */; };
		0131265819FFD44600E49010 /* AboutViewController.m in Sources */ = {isa = PBXBuildFile; fileRef = 0131265719FFD44600E49010 /* AboutViewController.m */; };
		0131265C19FFD46400E49010 /* StatsViewController.m in Sources */ = {isa = PBXBuildFile; fileRef = 0131265B19FFD46400E49010 /* StatsViewController.m */; };
		0131265F19FFD47500E49010 /* StatsModel.m in Sources */ = {isa = PBXBuildFile; fileRef = 0131265E19FFD47500E49010 /* StatsModel.m */; };
		0131266219FFD58800E49010 /* RemoveAdsViewController.m in Sources */ = {isa = PBXBuildFile; fileRef = 0131266119FFD58800E49010 /* RemoveAdsViewController.m */; };
/* End PBXBuildFile section */

/* Begin PBXContainerItemProxy section */
		0131262A19FFB0E800E49010 /* PBXContainerItemProxy */ = {
			isa = PBXContainerItemProxy;
			containerPortal = 013125FC19FFB0E700E49010 /* Project object */;
			proxyType = 1;
			remoteGlobalIDString = 0131260319FFB0E700E49010;
			remoteInfo = ObjectiveCTrainer;
		};
/* End PBXContainerItemProxy section */

/* Begin PBXFileReference section */
		0131260419FFB0E700E49010 /* ObjectiveCTrainer.app */ = {isa = PBXFileReference; explicitFileType = wrapper.application; includeInIndex = 0; path = ObjectiveCTrainer.app; sourceTree = BUILT_PRODUCTS_DIR; };
		0131260719FFB0E700E49010 /* Foundation.framework */ = {isa = PBXFileReference; lastKnownFileType = wrapper.framework; name = Foundation.framework; path = System/Library/Frameworks/Foundation.framework; sourceTree = SDKROOT; };
		0131260919FFB0E700E49010 /* CoreGraphics.framework */ = {isa = PBXFileReference; lastKnownFileType = wrapper.framework; name = CoreGraphics.framework; path = System/Library/Frameworks/CoreGraphics.framework; sourceTree = SDKROOT; };
		0131260B19FFB0E700E49010 /* UIKit.framework */ = {isa = PBXFileReference; lastKnownFileType = wrapper.framework; name = UIKit.framework; path = System/Library/Frameworks/UIKit.framework; sourceTree = SDKROOT; };
		0131260F19FFB0E800E49010 /* ObjectiveCTrainer-Info.plist */ = {isa = PBXFileReference; lastKnownFileType = text.plist.xml; path = "ObjectiveCTrainer-Info.plist"; sourceTree = "<group>"; };
		0131261119FFB0E800E49010 /* en */ = {isa = PBXFileReference; lastKnownFileType = text.plist.strings; name = en; path = en.lproj/InfoPlist.strings; sourceTree = "<group>"; };
		0131261319FFB0E800E49010 /* main.m */ = {isa = PBXFileReference; lastKnownFileType = sourcecode.c.objc; path = main.m; sourceTree = "<group>"; };
		0131261519FFB0E800E49010 /* ObjectiveCTrainer-Prefix.pch */ = {isa = PBXFileReference; lastKnownFileType = sourcecode.c.h; path = "ObjectiveCTrainer-Prefix.pch"; sourceTree = "<group>"; };
		0131261619FFB0E800E49010 /* AppDelegate.h */ = {isa = PBXFileReference; lastKnownFileType = sourcecode.c.h; path = AppDelegate.h; sourceTree = "<group>"; };
		0131261719FFB0E800E49010 /* AppDelegate.m */ = {isa = PBXFileReference; lastKnownFileType = sourcecode.c.objc; path = AppDelegate.m; sourceTree = "<group>"; };
		0131261A19FFB0E800E49010 /* Base */ = {isa = PBXFileReference; lastKnownFileType = file.storyboard; name = Base; path = Base.lproj/Main.storyboard; sourceTree = "<group>"; };
		0131261F19FFB0E800E49010 /* Images.xcassets */ = {isa = PBXFileReference; lastKnownFileType = folder.assetcatalog; path = Images.xcassets; sourceTree = "<group>"; };
		0131262519FFB0E800E49010 /* ObjectiveCTrainerTests.xctest */ = {isa = PBXFileReference; explicitFileType = wrapper.cfbundle; includeInIndex = 0; path = ObjectiveCTrainerTests.xctest; sourceTree = BUILT_PRODUCTS_DIR; };
		0131262619FFB0E800E49010 /* XCTest.framework */ = {isa = PBXFileReference; lastKnownFileType = wrapper.framework; name = XCTest.framework; path = Library/Frameworks/XCTest.framework; sourceTree = DEVELOPER_DIR; };
		0131262E19FFB0E800E49010 /* ObjectiveCTrainerTests-Info.plist */ = {isa = PBXFileReference; lastKnownFileType = text.plist.xml; path = "ObjectiveCTrainerTests-Info.plist"; sourceTree = "<group>"; };
		0131263019FFB0E800E49010 /* en */ = {isa = PBXFileReference; lastKnownFileType = text.plist.strings; name = en; path = en.lproj/InfoPlist.strings; sourceTree = "<group>"; };
		0131263219FFB0E800E49010 /* ObjectiveCTrainerTests.m */ = {isa = PBXFileReference; lastKnownFileType = sourcecode.c.objc; path = ObjectiveCTrainerTests.m; sourceTree = "<group>"; };
		0131263D19FFB30600E49010 /* SWRevealViewController.h */ = {isa = PBXFileReference; fileEncoding = 4; lastKnownFileType = sourcecode.c.h; path = SWRevealViewController.h; sourceTree = "<group>"; };
		0131263E19FFB30600E49010 /* SWRevealViewController.m */ = {isa = PBXFileReference; fileEncoding = 4; lastKnownFileType = sourcecode.c.objc; path = SWRevealViewController.m; sourceTree = "<group>"; };
		0131264119FFB34000E49010 /* MenuViewController.h */ = {isa = PBXFileReference; fileEncoding = 4; lastKnownFileType = sourcecode.c.h; path = MenuViewController.h; sourceTree = "<group>"; };
		0131264219FFB34000E49010 /* MenuViewController.m */ = {isa = PBXFileReference; fileEncoding = 4; lastKnownFileType = sourcecode.c.objc; path = MenuViewController.m; sourceTree = "<group>"; };
		0131264519FFB36700E49010 /* QuestionViewController.h */ = {isa = PBXFileReference; fileEncoding = 4; lastKnownFileType = sourcecode.c.h; path = QuestionViewController.h; sourceTree = "<group>"; };
		0131264619FFB36700E49010 /* QuestionViewController.m */ = {isa = PBXFileReference; fileEncoding = 4; lastKnownFileType = sourcecode.c.objc; path = QuestionViewController.m; sourceTree = "<group>"; };
		0131264819FFC0B500E49010 /* MenuItem.h */ = {isa = PBXFileReference; fileEncoding = 4; lastKnownFileType = sourcecode.c.h; path = MenuItem.h; sourceTree = "<group>"; };
		0131264919FFC0B500E49010 /* MenuItem.m */ = {isa = PBXFileReference; fileEncoding = 4; lastKnownFileType = sourcecode.c.objc; path = MenuItem.m; sourceTree = "<group>"; };
		0131264B19FFC0BE00E49010 /* MenuModel.h */ = {isa = PBXFileReference; fileEncoding = 4; lastKnownFileType = sourcecode.c.h; path = MenuModel.h; sourceTree = "<group>"; };
		0131264C19FFC0BE00E49010 /* MenuModel.m */ = {isa = PBXFileReference; fileEncoding = 4; lastKnownFileType = sourcecode.c.objc; path = MenuModel.m; sourceTree = "<group>"; };
		0131264E19FFC0CE00E49010 /* QuestionModel.h */ = {isa = PBXFileReference; fileEncoding = 4; lastKnownFileType = sourcecode.c.h; path = QuestionModel.h; sourceTree = "<group>"; };
		0131264F19FFC0CE00E49010 /* QuestionModel.m */ = {isa = PBXFileReference; fileEncoding = 4; lastKnownFileType = sourcecode.c.objc; path = QuestionModel.m; sourceTree = "<group>"; };
		0131265619FFD44600E49010 /* AboutViewController.h */ = {isa = PBXFileReference; fileEncoding = 4; lastKnownFileType = sourcecode.c.h; path = AboutViewController.h; sourceTree = "<group>"; };
		0131265719FFD44600E49010 /* AboutViewController.m */ = {isa = PBXFileReference; fileEncoding = 4; lastKnownFileType = sourcecode.c.objc; path = AboutViewController.m; sourceTree = "<group>"; };
		0131265A19FFD46400E49010 /* StatsViewController.h */ = {isa = PBXFileReference; fileEncoding = 4; lastKnownFileType = sourcecode.c.h; path = StatsViewController.h; sourceTree = "<group>"; };
		0131265B19FFD46400E49010 /* StatsViewController.m */ = {isa = PBXFileReference; fileEncoding = 4; lastKnownFileType = sourcecode.c.objc; path = StatsViewController.m; sourceTree = "<group>"; };
		0131265D19FFD47500E49010 /* StatsModel.h */ = {isa = PBXFileReference; fileEncoding = 4; lastKnownFileType = sourcecode.c.h; path = StatsModel.h; sourceTree = "<group>"; };
		0131265E19FFD47500E49010 /* StatsModel.m */ = {isa = PBXFileReference; fileEncoding = 4; lastKnownFileType = sourcecode.c.objc; path = StatsModel.m; sourceTree = "<group>"; };
		0131266019FFD58800E49010 /* RemoveAdsViewController.h */ = {isa = PBXFileReference; fileEncoding = 4; lastKnownFileType = sourcecode.c.h; path = RemoveAdsViewController.h; sourceTree = "<group>"; };
		0131266119FFD58800E49010 /* RemoveAdsViewController.m */ = {isa = PBXFileReference; fileEncoding = 4; lastKnownFileType = sourcecode.c.objc; path = RemoveAdsViewController.m; sourceTree = "<group>"; };
/* End PBXFileReference section */

/* Begin PBXFrameworksBuildPhase section */
		0131260119FFB0E700E49010 /* Frameworks */ = {
			isa = PBXFrameworksBuildPhase;
			buildActionMask = 2147483647;
			files = (
				0131260A19FFB0E700E49010 /* CoreGraphics.framework in Frameworks */,
				0131260C19FFB0E700E49010 /* UIKit.framework in Frameworks */,
				0131260819FFB0E700E49010 /* Foundation.framework in Frameworks */,
			);
			runOnlyForDeploymentPostprocessing = 0;
		};
		0131262219FFB0E800E49010 /* Frameworks */ = {
			isa = PBXFrameworksBuildPhase;
			buildActionMask = 2147483647;
			files = (
				0131262719FFB0E800E49010 /* XCTest.framework in Frameworks */,
				0131262919FFB0E800E49010 /* UIKit.framework in Frameworks */,
				0131262819FFB0E800E49010 /* Foundation.framework in Frameworks */,
			);
			runOnlyForDeploymentPostprocessing = 0;
		};
/* End PBXFrameworksBuildPhase section */

/* Begin PBXGroup section */
		013125FB19FFB0E700E49010 = {
			isa = PBXGroup;
			children = (
				0131260D19FFB0E700E49010 /* ObjectiveCTrainer */,
				0131262C19FFB0E800E49010 /* ObjectiveCTrainerTests */,
				0131260619FFB0E700E49010 /* Frameworks */,
				0131260519FFB0E700E49010 /* Products */,
			);
			sourceTree = "<group>";
		};
		0131260519FFB0E700E49010 /* Products */ = {
			isa = PBXGroup;
			children = (
				0131260419FFB0E700E49010 /* ObjectiveCTrainer.app */,
				0131262519FFB0E800E49010 /* ObjectiveCTrainerTests.xctest */,
			);
			name = Products;
			sourceTree = "<group>";
		};
		0131260619FFB0E700E49010 /* Frameworks */ = {
			isa = PBXGroup;
			children = (
				0131260719FFB0E700E49010 /* Foundation.framework */,
				0131260919FFB0E700E49010 /* CoreGraphics.framework */,
				0131260B19FFB0E700E49010 /* UIKit.framework */,
				0131262619FFB0E800E49010 /* XCTest.framework */,
			);
			name = Frameworks;
			sourceTree = "<group>";
		};
		0131260D19FFB0E700E49010 /* ObjectiveCTrainer */ = {
			isa = PBXGroup;
			children = (
				0131261919FFB0E800E49010 /* Main.storyboard */,
				0131261619FFB0E800E49010 /* AppDelegate.h */,
				0131261719FFB0E800E49010 /* AppDelegate.m */,
				0131265919FFD45400E49010 /* Stats */,
				0131265519FFD43500E49010 /* About */,
				0131265119FFD3F700E49010 /* RemoveAds */,
				0131264419FFB35300E49010 /* Question */,
				0131264019FFB31400E49010 /* Menu */,
				0131263C19FFB2DE00E49010 /* Reveal */,
				0131261F19FFB0E800E49010 /* Images.xcassets */,
				0131260E19FFB0E800E49010 /* Supporting Files */,
			);
			path = ObjectiveCTrainer;
			sourceTree = "<group>";
		};
		0131260E19FFB0E800E49010 /* Supporting Files */ = {
			isa = PBXGroup;
			children = (
				0131260F19FFB0E800E49010 /* ObjectiveCTrainer-Info.plist */,
				0131261019FFB0E800E49010 /* InfoPlist.strings */,
				0131261319FFB0E800E49010 /* main.m */,
				0131261519FFB0E800E49010 /* ObjectiveCTrainer-Prefix.pch */,
			);
			name = "Supporting Files";
			sourceTree = "<group>";
		};
		0131262C19FFB0E800E49010 /* ObjectiveCTrainerTests */ = {
			isa = PBXGroup;
			children = (
				0131263219FFB0E800E49010 /* ObjectiveCTrainerTests.m */,
				0131262D19FFB0E800E49010 /* Supporting Files */,
			);
			path = ObjectiveCTrainerTests;
			sourceTree = "<group>";
		};
		0131262D19FFB0E800E49010 /* Supporting Files */ = {
			isa = PBXGroup;
			children = (
				0131262E19FFB0E800E49010 /* ObjectiveCTrainerTests-Info.plist */,
				0131262F19FFB0E800E49010 /* InfoPlist.strings */,
			);
			name = "Supporting Files";
			sourceTree = "<group>";
		};
		0131263C19FFB2DE00E49010 /* Reveal */ = {
			isa = PBXGroup;
			children = (
				0131263D19FFB30600E49010 /* SWRevealViewController.h */,
				0131263E19FFB30600E49010 /* SWRevealViewController.m */,
			);
			name = Reveal;
			sourceTree = "<group>";
		};
		0131264019FFB31400E49010 /* Menu */ = {
			isa = PBXGroup;
			children = (
				0131264119FFB34000E49010 /* MenuViewController.h */,
				0131264219FFB34000E49010 /* MenuViewController.m */,
				0131264819FFC0B500E49010 /* MenuItem.h */,
				0131264919FFC0B500E49010 /* MenuItem.m */,
				0131264B19FFC0BE00E49010 /* MenuModel.h */,
				0131264C19FFC0BE00E49010 /* MenuModel.m */,
			);
			name = Menu;
			sourceTree = "<group>";
		};
		0131264419FFB35300E49010 /* Question */ = {
			isa = PBXGroup;
			children = (
				0131264519FFB36700E49010 /* QuestionViewController.h */,
				0131264619FFB36700E49010 /* QuestionViewController.m */,
				0131264E19FFC0CE00E49010 /* QuestionModel.h */,
				0131264F19FFC0CE00E49010 /* QuestionModel.m */,
			);
			name = Question;
			sourceTree = "<group>";
		};
		0131265119FFD3F700E49010 /* RemoveAds */ = {
			isa = PBXGroup;
			children = (
				0131266019FFD58800E49010 /* RemoveAdsViewController.h */,
				0131266119FFD58800E49010 /* RemoveAdsViewController.m */,
			);
			name = RemoveAds;
			sourceTree = "<group>";
		};
		0131265519FFD43500E49010 /* About */ = {
			isa = PBXGroup;
			children = (
				0131265619FFD44600E49010 /* AboutViewController.h */,
				0131265719FFD44600E49010 /* AboutViewController.m */,
			);
			name = About;
			sourceTree = "<group>";
		};
		0131265919FFD45400E49010 /* Stats */ = {
			isa = PBXGroup;
			children = (
				0131265A19FFD46400E49010 /* StatsViewController.h */,
				0131265B19FFD46400E49010 /* StatsViewController.m */,
				0131265D19FFD47500E49010 /* StatsModel.h */,
				0131265E19FFD47500E49010 /* StatsModel.m */,
			);
			name = Stats;
			sourceTree = "<group>";
		};
/* End PBXGroup section */

/* Begin PBXNativeTarget section */
		0131260319FFB0E700E49010 /* ObjectiveCTrainer */ = {
			isa = PBXNativeTarget;
			buildConfigurationList = 0131263619FFB0E800E49010 /* Build configuration list for PBXNativeTarget "ObjectiveCTrainer" */;
			buildPhases = (
				0131260019FFB0E700E49010 /* Sources */,
				0131260119FFB0E700E49010 /* Frameworks */,
				0131260219FFB0E700E49010 /* Resources */,
			);
			buildRules = (
			);
			dependencies = (
			);
			name = ObjectiveCTrainer;
			productName = ObjectiveCTrainer;
			productReference = 0131260419FFB0E700E49010 /* ObjectiveCTrainer.app */;
			productType = "com.apple.product-type.application";
		};
		0131262419FFB0E800E49010 /* ObjectiveCTrainerTests */ = {
			isa = PBXNativeTarget;
			buildConfigurationList = 0131263919FFB0E800E49010 /* Build configuration list for PBXNativeTarget "ObjectiveCTrainerTests" */;
			buildPhases = (
				0131262119FFB0E800E49010 /* Sources */,
				0131262219FFB0E800E49010 /* Frameworks */,
				0131262319FFB0E800E49010 /* Resources */,
			);
			buildRules = (
			);
			dependencies = (
				0131262B19FFB0E800E49010 /* PBXTargetDependency */,
			);
			name = ObjectiveCTrainerTests;
			productName = ObjectiveCTrainerTests;
			productReference = 0131262519FFB0E800E49010 /* ObjectiveCTrainerTests.xctest */;
			productType = "com.apple.product-type.bundle.unit-test";
		};
/* End PBXNativeTarget section */

/* Begin PBXProject section */
		013125FC19FFB0E700E49010 /* Project object */ = {
			isa = PBXProject;
			attributes = {
				LastUpgradeCheck = 0510;
				ORGANIZATIONNAME = XcodeDev;
				TargetAttributes = {
					0131262419FFB0E800E49010 = {
						TestTargetID = 0131260319FFB0E700E49010;
					};
				};
			};
			buildConfigurationList = 013125FF19FFB0E700E49010 /* Build configuration list for PBXProject "ObjectiveCTrainer" */;
			compatibilityVersion = "Xcode 3.2";
			developmentRegion = English;
			hasScannedForEncodings = 0;
			knownRegions = (
				en,
				Base,
			);
			mainGroup = 013125FB19FFB0E700E49010;
			productRefGroup = 0131260519FFB0E700E49010 /* Products */;
			projectDirPath = "";
			projectRoot = "";
			targets = (
				0131260319FFB0E700E49010 /* ObjectiveCTrainer */,
				0131262419FFB0E800E49010 /* ObjectiveCTrainerTests */,
			);
		};
/* End PBXProject section */

/* Begin PBXResourcesBuildPhase section */
		0131260219FFB0E700E49010 /* Resources */ = {
			isa = PBXResourcesBuildPhase;
			buildActionMask = 2147483647;
			files = (
				0131262019FFB0E800E49010 /* Images.xcassets in Resources */,
				0131261219FFB0E800E49010 /* InfoPlist.strings in Resources */,
				0131261B19FFB0E800E49010 /* Main.storyboard in Resources */,
			);
			runOnlyForDeploymentPostprocessing = 0;
		};
		0131262319FFB0E800E49010 /* Resources */ = {
			isa = PBXResourcesBuildPhase;
			buildActionMask = 2147483647;
			files = (
				0131263119FFB0E800E49010 /* InfoPlist.strings in Resources */,
			);
			runOnlyForDeploymentPostprocessing = 0;
		};
/* End PBXResourcesBuildPhase section */

/* Begin PBXSourcesBuildPhase section */
		0131260019FFB0E700E49010 /* Sources */ = {
			isa = PBXSourcesBuildPhase;
			buildActionMask = 2147483647;
			files = (
				0131261819FFB0E800E49010 /* AppDelegate.m in Sources */,
				0131264D19FFC0BE00E49010 /* MenuModel.m in Sources */,
				0131264719FFB36700E49010 /* QuestionViewController.m in Sources */,
				0131265C19FFD46400E49010 /* StatsViewController.m in Sources */,
				0131265019FFC0CE00E49010 /* QuestionModel.m in Sources */,
				0131261419FFB0E800E49010 /* main.m in Sources */,
				0131264A19FFC0B500E49010 /* MenuItem.m in Sources */,
				0131265F19FFD47500E49010 /* StatsModel.m in Sources */,
				0131265819FFD44600E49010 /* AboutViewController.m in Sources */,
				0131266219FFD58800E49010 /* RemoveAdsViewController.m in Sources */,
				0131263F19FFB30600E49010 /* SWRevealViewController.m in Sources */,
				0131264319FFB34000E49010 /* MenuViewController.m in Sources */,
			);
			runOnlyForDeploymentPostprocessing = 0;
		};
		0131262119FFB0E800E49010 /* Sources */ = {
			isa = PBXSourcesBuildPhase;
			buildActionMask = 2147483647;
			files = (
				0131263319FFB0E800E49010 /* ObjectiveCTrainerTests.m in Sources */,
			);
			runOnlyForDeploymentPostprocessing = 0;
		};
/* End PBXSourcesBuildPhase section */

/* Begin PBXTargetDependency section */
		0131262B19FFB0E800E49010 /* PBXTargetDependency */ = {
			isa = PBXTargetDependency;
			target = 0131260319FFB0E700E49010 /* ObjectiveCTrainer */;
			targetProxy = 0131262A19FFB0E800E49010 /* PBXContainerItemProxy */;
		};
/* End PBXTargetDependency section */

/* Begin PBXVariantGroup section */
		0131261019FFB0E800E49010 /* InfoPlist.strings */ = {
			isa = PBXVariantGroup;
			children = (
				0131261119FFB0E800E49010 /* en */,
			);
			name = InfoPlist.strings;
			sourceTree = "<group>";
		};
		0131261919FFB0E800E49010 /* Main.storyboard */ = {
			isa = PBXVariantGroup;
			children = (
				0131261A19FFB0E800E49010 /* Base */,
			);
			name = Main.storyboard;
			sourceTree = "<group>";
		};
		0131262F19FFB0E800E49010 /* InfoPlist.strings */ = {
			isa = PBXVariantGroup;
			children = (
				0131263019FFB0E800E49010 /* en */,
			);
			name = InfoPlist.strings;
			sourceTree = "<group>";
		};
/* End PBXVariantGroup section */

/* Begin XCBuildConfiguration section */
		0131263419FFB0E800E49010 /* Debug */ = {
			isa = XCBuildConfiguration;
			buildSettings = {
				ALWAYS_SEARCH_USER_PATHS = NO;
				CLANG_CXX_LANGUAGE_STANDARD = "gnu++0x";
				CLANG_CXX_LIBRARY = "libc++";
				CLANG_ENABLE_MODULES = YES;
				CLANG_ENABLE_OBJC_ARC = YES;
				CLANG_WARN_BOOL_CONVERSION = YES;
				CLANG_WARN_CONSTANT_CONVERSION = YES;
				CLANG_WARN_DIRECT_OBJC_ISA_USAGE = YES_ERROR;
				CLANG_WARN_EMPTY_BODY = YES;
				CLANG_WARN_ENUM_CONVERSION = YES;
				CLANG_WARN_INT_CONVERSION = YES;
				CLANG_WARN_OBJC_ROOT_CLASS = YES_ERROR;
				CLANG_WARN__DUPLICATE_METHOD_MATCH = YES;
				"CODE_SIGN_IDENTITY[sdk=iphoneos*]" = "iPhone Developer";
				COPY_PHASE_STRIP = NO;
				GCC_C_LANGUAGE_STANDARD = gnu99;
				GCC_DYNAMIC_NO_PIC = NO;
				GCC_OPTIMIZATION_LEVEL = 0;
				GCC_PREPROCESSOR_DEFINITIONS = (
					"DEBUG=1",
					"$(inherited)",
				);
				GCC_SYMBOLS_PRIVATE_EXTERN = NO;
				GCC_WARN_64_TO_32_BIT_CONVERSION = YES;
				GCC_WARN_ABOUT_RETURN_TYPE = YES_ERROR;
				GCC_WARN_UNDECLARED_SELECTOR = YES;
				GCC_WARN_UNINITIALIZED_AUTOS = YES_AGGRESSIVE;
				GCC_WARN_UNUSED_FUNCTION = YES;
				GCC_WARN_UNUSED_VARIABLE = YES;
				IPHONEOS_DEPLOYMENT_TARGET = 7.1;
				ONLY_ACTIVE_ARCH = YES;
				SDKROOT = iphoneos;
			};
			name = Debug;
		};
		0131263519FFB0E800E49010 /* Release */ = {
			isa = XCBuildConfiguration;
			buildSettings = {
				ALWAYS_SEARCH_USER_PATHS = NO;
				CLANG_CXX_LANGUAGE_STANDARD = "gnu++0x";
				CLANG_CXX_LIBRARY = "libc++";
				CLANG_ENABLE_MODULES = YES;
				CLANG_ENABLE_OBJC_ARC = YES;
				CLANG_WARN_BOOL_CONVERSION = YES;
				CLANG_WARN_CONSTANT_CONVERSION = YES;
				CLANG_WARN_DIRECT_OBJC_ISA_USAGE = YES_ERROR;
				CLANG_WARN_EMPTY_BODY = YES;
				CLANG_WARN_ENUM_CONVERSION = YES;
				CLANG_WARN_INT_CONVERSION = YES;
				CLANG_WARN_OBJC_ROOT_CLASS = YES_ERROR;
				CLANG_WARN__DUPLICATE_METHOD_MATCH = YES;
				"CODE_SIGN_IDENTITY[sdk=iphoneos*]" = "iPhone Developer";
				COPY_PHASE_STRIP = YES;
				ENABLE_NS_ASSERTIONS = NO;
				GCC_C_LANGUAGE_STANDARD = gnu99;
				GCC_WARN_64_TO_32_BIT_CONVERSION = YES;
				GCC_WARN_ABOUT_RETURN_TYPE = YES_ERROR;
				GCC_WARN_UNDECLARED_SELECTOR = YES;
				GCC_WARN_UNINITIALIZED_AUTOS = YES_AGGRESSIVE;
				GCC_WARN_UNUSED_FUNCTION = YES;
				GCC_WARN_UNUSED_VARIABLE = YES;
				IPHONEOS_DEPLOYMENT_TARGET = 7.1;
				SDKROOT = iphoneos;
				VALIDATE_PRODUCT = YES;
			};
			name = Release;
		};
		0131263719FFB0E800E49010 /* Debug */ = {
			isa = XCBuildConfiguration;
			buildSettings = {
				ASSETCATALOG_COMPILER_APPICON_NAME = AppIcon;
				ASSETCATALOG_COMPILER_LAUNCHIMAGE_NAME = LaunchImage;
				GCC_PRECOMPILE_PREFIX_HEADER = YES;
				GCC_PREFIX_HEADER = "ObjectiveCTrainer/ObjectiveCTrainer-Prefix.pch";
				INFOPLIST_FILE = "ObjectiveCTrainer/ObjectiveCTrainer-Info.plist";
				PRODUCT_NAME = "$(TARGET_NAME)";
				WRAPPER_EXTENSION = app;
			};
			name = Debug;
		};
		0131263819FFB0E800E49010 /* Release */ = {
			isa = XCBuildConfiguration;
			buildSettings = {
				ASSETCATALOG_COMPILER_APPICON_NAME = AppIcon;
				ASSETCATALOG_COMPILER_LAUNCHIMAGE_NAME = LaunchImage;
				GCC_PRECOMPILE_PREFIX_HEADER = YES;
				GCC_PREFIX_HEADER = "ObjectiveCTrainer/ObjectiveCTrainer-Prefix.pch";
				INFOPLIST_FILE = "ObjectiveCTrainer/ObjectiveCTrainer-Info.plist";
				PRODUCT_NAME = "$(TARGET_NAME)";
				WRAPPER_EXTENSION = app;
			};
			name = Release;
		};
		0131263A19FFB0E800E49010 /* Debug */ = {
			isa = XCBuildConfiguration;
			buildSettings = {
				BUNDLE_LOADER = "$(BUILT_PRODUCTS_DIR)/ObjectiveCTrainer.app/ObjectiveCTrainer";
				FRAMEWORK_SEARCH_PATHS = (
					"$(SDKROOT)/Developer/Library/Frameworks",
					"$(inherited)",
					"$(DEVELOPER_FRAMEWORKS_DIR)",
				);
				GCC_PRECOMPILE_PREFIX_HEADER = YES;
				GCC_PREFIX_HEADER = "ObjectiveCTrainer/ObjectiveCTrainer-Prefix.pch";
				GCC_PREPROCESSOR_DEFINITIONS = (
					"DEBUG=1",
					"$(inherited)",
				);
				INFOPLIST_FILE = "ObjectiveCTrainerTests/ObjectiveCTrainerTests-Info.plist";
				PRODUCT_NAME = "$(TARGET_NAME)";
				TEST_HOST = "$(BUNDLE_LOADER)";
				WRAPPER_EXTENSION = xctest;
			};
			name = Debug;
		};
		0131263B19FFB0E800E49010 /* Release */ = {
			isa = XCBuildConfiguration;
			buildSettings = {
				BUNDLE_LOADER = "$(BUILT_PRODUCTS_DIR)/ObjectiveCTrainer.app/ObjectiveCTrainer";
				FRAMEWORK_SEARCH_PATHS = (
					"$(SDKROOT)/Developer/Library/Frameworks",
					"$(inherited)",
					"$(DEVELOPER_FRAMEWORKS_DIR)",
				);
				GCC_PRECOMPILE_PREFIX_HEADER = YES;
				GCC_PREFIX_HEADER = "ObjectiveCTrainer/ObjectiveCTrainer-Prefix.pch";
				INFOPLIST_FILE = "ObjectiveCTrainerTests/ObjectiveCTrainerTests-Info.plist";
				PRODUCT_NAME = "$(TARGET_NAME)";
				TEST_HOST = "$(BUNDLE_LOADER)";
				WRAPPER_EXTENSION = xctest;
			};
			name = Release;
		};
/* End XCBuildConfiguration section */

/* Begin XCConfigurationList section */
		013125FF19FFB0E700E49010 /* Build configuration list for PBXProject "ObjectiveCTrainer" */ = {
			isa = XCConfigurationList;
			buildConfigurations = (
				0131263419FFB0E800E49010 /* Debug */,
				0131263519FFB0E800E49010 /* Release */,
			);
			defaultConfigurationIsVisible = 0;
			defaultConfigurationName = Release;
		};
		0131263619FFB0E800E49010 /* Build configuration list for PBXNativeTarget "ObjectiveCTrainer" */ = {
			isa = XCConfigurationList;
			buildConfigurations = (
				0131263719FFB0E800E49010 /* Debug */,
				0131263819FFB0E800E49010 /* Release */,
			);
			defaultConfigurationIsVisible = 0;
		};
		0131263919FFB0E800E49010 /* Build configuration list for PBXNativeTarget "ObjectiveCTrainerTests" */ = {
			isa = XCConfigurationList;
			buildConfigurations = (
				0131263A19FFB0E800E49010 /* Debug */,
				0131263B19FFB0E800E49010 /* Release */,
			);
			defaultConfigurationIsVisible = 0;
		};
/* End XCConfigurationList section */
	};
	rootObject = 013125FC19FFB0E700E49010 /* Project object */;
}
